
Microsoft Visual Studio Solution File, Format Version 12.00
# Visual Studio Version 17
VisualStudioVersion = 17.8.34525.116
MinimumVisualStudioVersion = 10.0.40219.1
Project("{FAE04EC0-301F-11D3-BF4B-00C04F79EFBC}") = "ImportExcelProject", "ImportExcelProject\ImportExcelProject.csproj", "{9E0D4C7D-FC74-4120-B621-BD3E49C27BAB}"
EndProject
Global
	GlobalSection(SolutionConfigurationPlatforms) = preSolution
		Debug|Any CPU = Debug|Any CPU
		Release|Any CPU = Release|Any CPU
	EndGlobalSection
	GlobalSection(ProjectConfigurationPlatforms) = postSolution
		{9E0D4C7D-FC74-4120-B621-BD3E49C27BAB}.Debug|Any CPU.ActiveCfg = Debug|Any CPU
		{9E0D4C7D-FC74-4120-B621-BD3E49C27BAB}.Debug|Any CPU.Build.0 = Debug|Any CPU
		{9E0D4C7D-FC74-4120-B621-BD3E49C27BAB}.Release|Any CPU.ActiveCfg = Release|Any CPU
		{9E0D4C7D-FC74-4120-B621-BD3E49C27BAB}.Release|Any CPU.Build.0 = Release|Any CPU
	EndGlobalSection
	GlobalSection(SolutionProperties) = preSolution
		HideSolutionNode = FALSE
	EndGlobalSection
	GlobalSection(ExtensibilityGlobals) = postSolution
		SolutionGuid = {59785809-9C92-4C1D-B120-F00458D0B731}
	EndGlobalSection
EndGlobal
